// !$*UTF8*$!
{
	archiveVersion = 1;
	classes = {
	};
	objectVersion = 55;
	objects = {

/* Begin PBXBuildFile section */
		F527343B27F59FE000EEA296 /* CovidNewsDetailViewController.swift in Sources */ = {isa = PBXBuildFile; fileRef = F527343A27F59FE000EEA296 /* CovidNewsDetailViewController.swift */; };
		F54A43F327F44513002B41DE /* CommonViewController.swift in Sources */ = {isa = PBXBuildFile; fileRef = F54A43F227F44513002B41DE /* CommonViewController.swift */; };
		F54A43F527F44CF7002B41DE /* CovidTableViewCell.swift in Sources */ = {isa = PBXBuildFile; fileRef = F54A43F427F44CF7002B41DE /* CovidTableViewCell.swift */; };
		F54BC47327F1A55D000DB490 /* AppDelegate.swift in Sources */ = {isa = PBXBuildFile; fileRef = F54BC47227F1A55D000DB490 /* AppDelegate.swift */; };
		F54BC47527F1A55D000DB490 /* SceneDelegate.swift in Sources */ = {isa = PBXBuildFile; fileRef = F54BC47427F1A55D000DB490 /* SceneDelegate.swift */; };
		F54BC47A27F1A55D000DB490 /* Main.storyboard in Resources */ = {isa = PBXBuildFile; fileRef = F54BC47827F1A55D000DB490 /* Main.storyboard */; };
		F54BC47C27F1A55E000DB490 /* Assets.xcassets in Resources */ = {isa = PBXBuildFile; fileRef = F54BC47B27F1A55E000DB490 /* Assets.xcassets */; };
		F54BC47F27F1A55E000DB490 /* LaunchScreen.storyboard in Resources */ = {isa = PBXBuildFile; fileRef = F54BC47D27F1A55E000DB490 /* LaunchScreen.storyboard */; };
		F54BC48827F1A808000DB490 /* NewsList.swift in Sources */ = {isa = PBXBuildFile; fileRef = F54BC48727F1A808000DB490 /* NewsList.swift */; };
		F58E6A8B280002EE00701BDB /* NewsDetailViewController.swift in Sources */ = {isa = PBXBuildFile; fileRef = F58E6A8A280002EE00701BDB /* NewsDetailViewController.swift */; };
		F58E6A8D2800089B00701BDB /* NormalSectionsViewController.swift in Sources */ = {isa = PBXBuildFile; fileRef = F58E6A8C2800089B00701BDB /* NormalSectionsViewController.swift */; };
		F58E6A8F280008E100701BDB /* NormalSectionTableViewCell.swift in Sources */ = {isa = PBXBuildFile; fileRef = F58E6A8E280008E100701BDB /* NormalSectionTableViewCell.swift */; };
		F5C3AA6127F2EFD5001903D6 /* TodayViewController.swift in Sources */ = {isa = PBXBuildFile; fileRef = F5C3AA6027F2EFD5001903D6 /* TodayViewController.swift */; };
		F5C3AA6327F2EFE4001903D6 /* CovidViewController.swift in Sources */ = {isa = PBXBuildFile; fileRef = F5C3AA6227F2EFE4001903D6 /* CovidViewController.swift */; };
		F5C3AA6527F2EFED001903D6 /* FavoriteViewController.swift in Sources */ = {isa = PBXBuildFile; fileRef = F5C3AA6427F2EFED001903D6 /* FavoriteViewController.swift */; };
		F5C3AA6727F2EFF7001903D6 /* SectionsViewController.swift in Sources */ = {isa = PBXBuildFile; fileRef = F5C3AA6627F2EFF7001903D6 /* SectionsViewController.swift */; };
		F5C3AA6B27F2F485001903D6 /* TodayNewsTableViewCell.swift in Sources */ = {isa = PBXBuildFile; fileRef = F5C3AA6A27F2F485001903D6 /* TodayNewsTableViewCell.swift */; };
		F5C66F3C27FD5EE400FCF6DE /* SectionsTableViewCell.swift in Sources */ = {isa = PBXBuildFile; fileRef = F5C66F3B27FD5EE400FCF6DE /* SectionsTableViewCell.swift */; };
		F5C66F4027FD7D7900FCF6DE /* SectionsCollectionViewCell.swift in Sources */ = {isa = PBXBuildFile; fileRef = F5C66F3F27FD7D7900FCF6DE /* SectionsCollectionViewCell.swift */; };
		F5C771A527FC0EDB005B3C37 /* PushNotificationSettingsViewController.swift in Sources */ = {isa = PBXBuildFile; fileRef = F5C771A427FC0EDB005B3C37 /* PushNotificationSettingsViewController.swift */; };
		F5C771A727FC0F38005B3C37 /* DisplaySettingsViewController.swift in Sources */ = {isa = PBXBuildFile; fileRef = F5C771A627FC0F38005B3C37 /* DisplaySettingsViewController.swift */; };
		F5C771A927FC0F59005B3C37 /* AppInfoSettingsViewController.swift in Sources */ = {isa = PBXBuildFile; fileRef = F5C771A827FC0F59005B3C37 /* AppInfoSettingsViewController.swift */; };
		F5C771AB27FC19CC005B3C37 /* GeneralSettingsViewController.swift in Sources */ = {isa = PBXBuildFile; fileRef = F5C771AA27FC19CC005B3C37 /* GeneralSettingsViewController.swift */; };
		F5C771AD27FC1A3B005B3C37 /* GeneralSettingsTableViewCell.swift in Sources */ = {isa = PBXBuildFile; fileRef = F5C771AC27FC1A3B005B3C37 /* GeneralSettingsTableViewCell.swift */; };
		F5C771B027FC1CB0005B3C37 /* NewsDB.xcdatamodeld in Sources */ = {isa = PBXBuildFile; fileRef = F5C771AE27FC1CB0005B3C37 /* NewsDB.xcdatamodeld */; };
		F5C771B327FC1DB0005B3C37 /* DataManager.swift in Sources */ = {isa = PBXBuildFile; fileRef = F5C771B227FC1DB0005B3C37 /* DataManager.swift */; };
		F5C771B627FC2410005B3C37 /* Extension.swift in Sources */ = {isa = PBXBuildFile; fileRef = F5C771B527FC2410005B3C37 /* Extension.swift */; };
		F5D5F1A727F3408400CD96C7 /* UserModel.swift in Sources */ = {isa = PBXBuildFile; fileRef = F5D5F1A627F3408400CD96C7 /* UserModel.swift */; };
		F663E5357F69CD98E0918FD0 /* Pods_NewsProject.framework in Frameworks */ = {isa = PBXBuildFile; fileRef = 1920F0BE3FAE6C6E3E6A128F /* Pods_NewsProject.framework */; };
/* End PBXBuildFile section */

/* Begin PBXFileReference section */
		1920F0BE3FAE6C6E3E6A128F /* Pods_NewsProject.framework */ = {isa = PBXFileReference; explicitFileType = wrapper.framework; includeInIndex = 0; path = Pods_NewsProject.framework; sourceTree = BUILT_PRODUCTS_DIR; };
		4358298572D0B54587B257E9 /* Pods-NewsProject.debug.xcconfig */ = {isa = PBXFileReference; includeInIndex = 1; lastKnownFileType = text.xcconfig; name = "Pods-NewsProject.debug.xcconfig"; path = "Target Support Files/Pods-NewsProject/Pods-NewsProject.debug.xcconfig"; sourceTree = "<group>"; };
		E6E3F9CB52D737A4580E83F7 /* Pods-NewsProject.release.xcconfig */ = {isa = PBXFileReference; includeInIndex = 1; lastKnownFileType = text.xcconfig; name = "Pods-NewsProject.release.xcconfig"; path = "Target Support Files/Pods-NewsProject/Pods-NewsProject.release.xcconfig"; sourceTree = "<group>"; };
		F527343A27F59FE000EEA296 /* CovidNewsDetailViewController.swift */ = {isa = PBXFileReference; lastKnownFileType = sourcecode.swift; path = CovidNewsDetailViewController.swift; sourceTree = "<group>"; };
		F54A43F227F44513002B41DE /* CommonViewController.swift */ = {isa = PBXFileReference; lastKnownFileType = sourcecode.swift; path = CommonViewController.swift; sourceTree = "<group>"; };
		F54A43F427F44CF7002B41DE /* CovidTableViewCell.swift */ = {isa = PBXFileReference; lastKnownFileType = sourcecode.swift; path = CovidTableViewCell.swift; sourceTree = "<group>"; };
		F54BC46F27F1A55D000DB490 /* NewsProject.app */ = {isa = PBXFileReference; explicitFileType = wrapper.application; includeInIndex = 0; path = NewsProject.app; sourceTree = BUILT_PRODUCTS_DIR; };
		F54BC47227F1A55D000DB490 /* AppDelegate.swift */ = {isa = PBXFileReference; lastKnownFileType = sourcecode.swift; path = AppDelegate.swift; sourceTree = "<group>"; };
		F54BC47427F1A55D000DB490 /* SceneDelegate.swift */ = {isa = PBXFileReference; lastKnownFileType = sourcecode.swift; path = SceneDelegate.swift; sourceTree = "<group>"; };
		F54BC47927F1A55D000DB490 /* Base */ = {isa = PBXFileReference; lastKnownFileType = file.storyboard; name = Base; path = Base.lproj/Main.storyboard; sourceTree = "<group>"; };
		F54BC47B27F1A55E000DB490 /* Assets.xcassets */ = {isa = PBXFileReference; lastKnownFileType = folder.assetcatalog; path = Assets.xcassets; sourceTree = "<group>"; };
		F54BC47E27F1A55E000DB490 /* Base */ = {isa = PBXFileReference; lastKnownFileType = file.storyboard; name = Base; path = Base.lproj/LaunchScreen.storyboard; sourceTree = "<group>"; };
		F54BC48027F1A55E000DB490 /* Info.plist */ = {isa = PBXFileReference; lastKnownFileType = text.plist.xml; path = Info.plist; sourceTree = "<group>"; };
		F54BC48727F1A808000DB490 /* NewsList.swift */ = {isa = PBXFileReference; lastKnownFileType = sourcecode.swift; path = NewsList.swift; sourceTree = "<group>"; };
		F58E6A8A280002EE00701BDB /* NewsDetailViewController.swift */ = {isa = PBXFileReference; lastKnownFileType = sourcecode.swift; path = NewsDetailViewController.swift; sourceTree = "<group>"; };
		F58E6A8C2800089B00701BDB /* NormalSectionsViewController.swift */ = {isa = PBXFileReference; lastKnownFileType = sourcecode.swift; path = NormalSectionsViewController.swift; sourceTree = "<group>"; };
		F58E6A8E280008E100701BDB /* NormalSectionTableViewCell.swift */ = {isa = PBXFileReference; lastKnownFileType = sourcecode.swift; path = NormalSectionTableViewCell.swift; sourceTree = "<group>"; };
		F5C3AA6027F2EFD5001903D6 /* TodayViewController.swift */ = {isa = PBXFileReference; lastKnownFileType = sourcecode.swift; path = TodayViewController.swift; sourceTree = "<group>"; };
		F5C3AA6227F2EFE4001903D6 /* CovidViewController.swift */ = {isa = PBXFileReference; lastKnownFileType = sourcecode.swift; path = CovidViewController.swift; sourceTree = "<group>"; };
		F5C3AA6427F2EFED001903D6 /* FavoriteViewController.swift */ = {isa = PBXFileReference; lastKnownFileType = sourcecode.swift; path = FavoriteViewController.swift; sourceTree = "<group>"; };
		F5C3AA6627F2EFF7001903D6 /* SectionsViewController.swift */ = {isa = PBXFileReference; lastKnownFileType = sourcecode.swift; path = SectionsViewController.swift; sourceTree = "<group>"; };
		F5C3AA6A27F2F485001903D6 /* TodayNewsTableViewCell.swift */ = {isa = PBXFileReference; lastKnownFileType = sourcecode.swift; path = TodayNewsTableViewCell.swift; sourceTree = "<group>"; };
		F5C66F3B27FD5EE400FCF6DE /* SectionsTableViewCell.swift */ = {isa = PBXFileReference; lastKnownFileType = sourcecode.swift; path = SectionsTableViewCell.swift; sourceTree = "<group>"; };
		F5C66F3F27FD7D7900FCF6DE /* SectionsCollectionViewCell.swift */ = {isa = PBXFileReference; lastKnownFileType = sourcecode.swift; path = SectionsCollectionViewCell.swift; sourceTree = "<group>"; };
		F5C771A427FC0EDB005B3C37 /* PushNotificationSettingsViewController.swift */ = {isa = PBXFileReference; lastKnownFileType = sourcecode.swift; path = PushNotificationSettingsViewController.swift; sourceTree = "<group>"; };
		F5C771A627FC0F38005B3C37 /* DisplaySettingsViewController.swift */ = {isa = PBXFileReference; lastKnownFileType = sourcecode.swift; path = DisplaySettingsViewController.swift; sourceTree = "<group>"; };
		F5C771A827FC0F59005B3C37 /* AppInfoSettingsViewController.swift */ = {isa = PBXFileReference; lastKnownFileType = sourcecode.swift; path = AppInfoSettingsViewController.swift; sourceTree = "<group>"; };
		F5C771AA27FC19CC005B3C37 /* GeneralSettingsViewController.swift */ = {isa = PBXFileReference; lastKnownFileType = sourcecode.swift; path = GeneralSettingsViewController.swift; sourceTree = "<group>"; };
		F5C771AC27FC1A3B005B3C37 /* GeneralSettingsTableViewCell.swift */ = {isa = PBXFileReference; lastKnownFileType = sourcecode.swift; path = GeneralSettingsTableViewCell.swift; sourceTree = "<group>"; };
		F5C771AF27FC1CB0005B3C37 /* NewsDB.xcdatamodel */ = {isa = PBXFileReference; lastKnownFileType = wrapper.xcdatamodel; path = NewsDB.xcdatamodel; sourceTree = "<group>"; };
		F5C771B227FC1DB0005B3C37 /* DataManager.swift */ = {isa = PBXFileReference; lastKnownFileType = sourcecode.swift; path = DataManager.swift; sourceTree = "<group>"; };
		F5C771B527FC2410005B3C37 /* Extension.swift */ = {isa = PBXFileReference; lastKnownFileType = sourcecode.swift; path = Extension.swift; sourceTree = "<group>"; };
		F5D5F1A627F3408400CD96C7 /* UserModel.swift */ = {isa = PBXFileReference; lastKnownFileType = sourcecode.swift; path = UserModel.swift; sourceTree = "<group>"; };
/* End PBXFileReference section */

/* Begin PBXFrameworksBuildPhase section */
		F54BC46C27F1A55D000DB490 /* Frameworks */ = {
			isa = PBXFrameworksBuildPhase;
			buildActionMask = 2147483647;
			files = (
				F663E5357F69CD98E0918FD0 /* Pods_NewsProject.framework in Frameworks */,
			);
			runOnlyForDeploymentPostprocessing = 0;
		};
/* End PBXFrameworksBuildPhase section */

/* Begin PBXGroup section */
		9F735D022E0F163DBFFFD558 /* Frameworks */ = {
			isa = PBXGroup;
			children = (
				1920F0BE3FAE6C6E3E6A128F /* Pods_NewsProject.framework */,
			);
			name = Frameworks;
			sourceTree = "<group>";
		};
		D111F81F14DDC0DD19890224 /* Pods */ = {
			isa = PBXGroup;
			children = (
				4358298572D0B54587B257E9 /* Pods-NewsProject.debug.xcconfig */,
				E6E3F9CB52D737A4580E83F7 /* Pods-NewsProject.release.xcconfig */,
			);
			path = Pods;
			sourceTree = "<group>";
		};
		F510192727F6C66D009AEB2B /* TodayNewsViewController */ = {
			isa = PBXGroup;
			children = (
				F5C3AA6027F2EFD5001903D6 /* TodayViewController.swift */,
				F58E6A8A280002EE00701BDB /* NewsDetailViewController.swift */,
				F5C3AA6927F2F46C001903D6 /* Cell */,
			);
			path = TodayNewsViewController;
			sourceTree = "<group>";
		};
		F510192827F6C688009AEB2B /* CovidNewsViewController */ = {
			isa = PBXGroup;
			children = (
				F5C3AA6227F2EFE4001903D6 /* CovidViewController.swift */,
				F527343A27F59FE000EEA296 /* CovidNewsDetailViewController.swift */,
			);
			path = CovidNewsViewController;
			sourceTree = "<group>";
		};
		F510192927F6C69F009AEB2B /* FavoriteNewsViewController */ = {
			isa = PBXGroup;
			children = (
				F5C3AA6427F2EFED001903D6 /* FavoriteViewController.swift */,
			);
			path = FavoriteNewsViewController;
			sourceTree = "<group>";
		};
		F510192A27F6C6AF009AEB2B /* SectionsViewController */ = {
			isa = PBXGroup;
			children = (
				F5C3AA6627F2EFF7001903D6 /* SectionsViewController.swift */,
				F58E6A8C2800089B00701BDB /* NormalSectionsViewController.swift */,
				F5C66F3A27FD5ED200FCF6DE /* Cell */,
			);
			path = SectionsViewController;
			sourceTree = "<group>";
		};
		F54BC46627F1A55D000DB490 = {
			isa = PBXGroup;
			children = (
				F5C771AE27FC1CB0005B3C37 /* NewsDB.xcdatamodeld */,
				F54BC47127F1A55D000DB490 /* NewsProject */,
				F54BC47027F1A55D000DB490 /* Products */,
				D111F81F14DDC0DD19890224 /* Pods */,
				9F735D022E0F163DBFFFD558 /* Frameworks */,
			);
			sourceTree = "<group>";
		};
		F54BC47027F1A55D000DB490 /* Products */ = {
			isa = PBXGroup;
			children = (
				F54BC46F27F1A55D000DB490 /* NewsProject.app */,
			);
			name = Products;
			sourceTree = "<group>";
		};
		F54BC47127F1A55D000DB490 /* NewsProject */ = {
			isa = PBXGroup;
			children = (
				F5C771B427FC2404005B3C37 /* Extension */,
				F5C771B127FC1D9F005B3C37 /* DataManager */,
				F5C3AA6827F2F04E001903D6 /* ViewController */,
				F54BC48627F1A7EE000DB490 /* Model */,
				F54BC47227F1A55D000DB490 /* AppDelegate.swift */,
				F54BC47427F1A55D000DB490 /* SceneDelegate.swift */,
				F54BC47827F1A55D000DB490 /* Main.storyboard */,
				F54BC47B27F1A55E000DB490 /* Assets.xcassets */,
				F54BC47D27F1A55E000DB490 /* LaunchScreen.storyboard */,
				F54BC48027F1A55E000DB490 /* Info.plist */,
			);
			path = NewsProject;
			sourceTree = "<group>";
		};
		F54BC48627F1A7EE000DB490 /* Model */ = {
			isa = PBXGroup;
			children = (
				F54BC48727F1A808000DB490 /* NewsList.swift */,
				F5D5F1A627F3408400CD96C7 /* UserModel.swift */,
			);
			path = Model;
			sourceTree = "<group>";
		};
		F5C3AA6827F2F04E001903D6 /* ViewController */ = {
			isa = PBXGroup;
			children = (
				F54A43F227F44513002B41DE /* CommonViewController.swift */,
				F5C771A327FC0EBA005B3C37 /* UserSettingViewController */,
				F510192727F6C66D009AEB2B /* TodayNewsViewController */,
				F510192927F6C69F009AEB2B /* FavoriteNewsViewController */,
				F510192827F6C688009AEB2B /* CovidNewsViewController */,
				F510192A27F6C6AF009AEB2B /* SectionsViewController */,
			);
			path = ViewController;
			sourceTree = "<group>";
		};
		F5C3AA6927F2F46C001903D6 /* Cell */ = {
			isa = PBXGroup;
			children = (
				F5C3AA6A27F2F485001903D6 /* TodayNewsTableViewCell.swift */,
				F54A43F427F44CF7002B41DE /* CovidTableViewCell.swift */,
			);
			path = Cell;
			sourceTree = "<group>";
		};
		F5C66F3727FD591400FCF6DE /* Cell */ = {
			isa = PBXGroup;
			children = (
				F5C771AC27FC1A3B005B3C37 /* GeneralSettingsTableViewCell.swift */,
			);
			path = Cell;
			sourceTree = "<group>";
		};
		F5C66F3A27FD5ED200FCF6DE /* Cell */ = {
			isa = PBXGroup;
			children = (
				F5C66F3B27FD5EE400FCF6DE /* SectionsTableViewCell.swift */,
				F5C66F3F27FD7D7900FCF6DE /* SectionsCollectionViewCell.swift */,
				F58E6A8E280008E100701BDB /* NormalSectionTableViewCell.swift */,
			);
			path = Cell;
			sourceTree = "<group>";
		};
		F5C771A327FC0EBA005B3C37 /* UserSettingViewController */ = {
			isa = PBXGroup;
			children = (
				F5C771AA27FC19CC005B3C37 /* GeneralSettingsViewController.swift */,
				F5C771A427FC0EDB005B3C37 /* PushNotificationSettingsViewController.swift */,
				F5C771A627FC0F38005B3C37 /* DisplaySettingsViewController.swift */,
				F5C771A827FC0F59005B3C37 /* AppInfoSettingsViewController.swift */,
				F5C66F3727FD591400FCF6DE /* Cell */,
			);
			path = UserSettingViewController;
			sourceTree = "<group>";
		};
		F5C771B127FC1D9F005B3C37 /* DataManager */ = {
			isa = PBXGroup;
			children = (
				F5C771B227FC1DB0005B3C37 /* DataManager.swift */,
			);
			path = DataManager;
			sourceTree = "<group>";
		};
		F5C771B427FC2404005B3C37 /* Extension */ = {
			isa = PBXGroup;
			children = (
				F5C771B527FC2410005B3C37 /* Extension.swift */,
			);
			path = Extension;
			sourceTree = "<group>";
		};
/* End PBXGroup section */

/* Begin PBXNativeTarget section */
		F54BC46E27F1A55D000DB490 /* NewsProject */ = {
			isa = PBXNativeTarget;
			buildConfigurationList = F54BC48327F1A55E000DB490 /* Build configuration list for PBXNativeTarget "NewsProject" */;
			buildPhases = (
				BBDE47DCFA33F5193D0DD585 /* [CP] Check Pods Manifest.lock */,
				F54BC46B27F1A55D000DB490 /* Sources */,
				F54BC46C27F1A55D000DB490 /* Frameworks */,
				F54BC46D27F1A55D000DB490 /* Resources */,
				0BE56EB40A20B9CC07157137 /* [CP] Embed Pods Frameworks */,
			);
			buildRules = (
			);
			dependencies = (
			);
			name = NewsProject;
			productName = NewsProject;
			productReference = F54BC46F27F1A55D000DB490 /* NewsProject.app */;
			productType = "com.apple.product-type.application";
		};
/* End PBXNativeTarget section */

/* Begin PBXProject section */
		F54BC46727F1A55D000DB490 /* Project object */ = {
			isa = PBXProject;
			attributes = {
				BuildIndependentTargetsInParallel = 1;
				LastSwiftUpdateCheck = 1320;
				LastUpgradeCheck = 1320;
				TargetAttributes = {
					F54BC46E27F1A55D000DB490 = {
						CreatedOnToolsVersion = 13.2.1;
					};
				};
			};
			buildConfigurationList = F54BC46A27F1A55D000DB490 /* Build configuration list for PBXProject "NewsProject" */;
			compatibilityVersion = "Xcode 13.0";
			developmentRegion = en;
			hasScannedForEncodings = 0;
			knownRegions = (
				en,
				Base,
			);
			mainGroup = F54BC46627F1A55D000DB490;
			productRefGroup = F54BC47027F1A55D000DB490 /* Products */;
			projectDirPath = "";
			projectRoot = "";
			targets = (
				F54BC46E27F1A55D000DB490 /* NewsProject */,
			);
		};
/* End PBXProject section */

/* Begin PBXResourcesBuildPhase section */
		F54BC46D27F1A55D000DB490 /* Resources */ = {
			isa = PBXResourcesBuildPhase;
			buildActionMask = 2147483647;
			files = (
				F54BC47F27F1A55E000DB490 /* LaunchScreen.storyboard in Resources */,
				F54BC47C27F1A55E000DB490 /* Assets.xcassets in Resources */,
				F54BC47A27F1A55D000DB490 /* Main.storyboard in Resources */,
			);
			runOnlyForDeploymentPostprocessing = 0;
		};
/* End PBXResourcesBuildPhase section */

/* Begin PBXShellScriptBuildPhase section */
		0BE56EB40A20B9CC07157137 /* [CP] Embed Pods Frameworks */ = {
			isa = PBXShellScriptBuildPhase;
			buildActionMask = 2147483647;
			files = (
			);
			inputFileListPaths = (
				"${PODS_ROOT}/Target Support Files/Pods-NewsProject/Pods-NewsProject-frameworks-${CONFIGURATION}-input-files.xcfilelist",
			);
			name = "[CP] Embed Pods Frameworks";
			outputFileListPaths = (
				"${PODS_ROOT}/Target Support Files/Pods-NewsProject/Pods-NewsProject-frameworks-${CONFIGURATION}-output-files.xcfilelist",
			);
			runOnlyForDeploymentPostprocessing = 0;
			shellPath = /bin/sh;
			shellScript = "\"${PODS_ROOT}/Target Support Files/Pods-NewsProject/Pods-NewsProject-frameworks.sh\"\n";
			showEnvVarsInLog = 0;
		};
		BBDE47DCFA33F5193D0DD585 /* [CP] Check Pods Manifest.lock */ = {
			isa = PBXShellScriptBuildPhase;
			buildActionMask = 2147483647;
			files = (
			);
			inputFileListPaths = (
			);
			inputPaths = (
				"${PODS_PODFILE_DIR_PATH}/Podfile.lock",
				"${PODS_ROOT}/Manifest.lock",
			);
			name = "[CP] Check Pods Manifest.lock";
			outputFileListPaths = (
			);
			outputPaths = (
				"$(DERIVED_FILE_DIR)/Pods-NewsProject-checkManifestLockResult.txt",
			);
			runOnlyForDeploymentPostprocessing = 0;
			shellPath = /bin/sh;
			shellScript = "diff \"${PODS_PODFILE_DIR_PATH}/Podfile.lock\" \"${PODS_ROOT}/Manifest.lock\" > /dev/null\nif [ $? != 0 ] ; then\n    # print error to STDERR\n    echo \"error: The sandbox is not in sync with the Podfile.lock. Run 'pod install' or update your CocoaPods installation.\" >&2\n    exit 1\nfi\n# This output is used by Xcode 'outputs' to avoid re-running this script phase.\necho \"SUCCESS\" > \"${SCRIPT_OUTPUT_FILE_0}\"\n";
			showEnvVarsInLog = 0;
		};
/* End PBXShellScriptBuildPhase section */

/* Begin PBXSourcesBuildPhase section */
		F54BC46B27F1A55D000DB490 /* Sources */ = {
			isa = PBXSourcesBuildPhase;
			buildActionMask = 2147483647;
			files = (
				F58E6A8B280002EE00701BDB /* NewsDetailViewController.swift in Sources */,
				F5C3AA6327F2EFE4001903D6 /* CovidViewController.swift in Sources */,
				F5C771B327FC1DB0005B3C37 /* DataManager.swift in Sources */,
				F58E6A8F280008E100701BDB /* NormalSectionTableViewCell.swift in Sources */,
				F5C66F4027FD7D7900FCF6DE /* SectionsCollectionViewCell.swift in Sources */,
				F5C771AD27FC1A3B005B3C37 /* GeneralSettingsTableViewCell.swift in Sources */,
				F54BC47327F1A55D000DB490 /* AppDelegate.swift in Sources */,
				F527343B27F59FE000EEA296 /* CovidNewsDetailViewController.swift in Sources */,
				F5C771A927FC0F59005B3C37 /* AppInfoSettingsViewController.swift in Sources */,
				F54BC48827F1A808000DB490 /* NewsList.swift in Sources */,
				F5C3AA6527F2EFED001903D6 /* FavoriteViewController.swift in Sources */,
				F5C771B627FC2410005B3C37 /* Extension.swift in Sources */,
				F5C3AA6B27F2F485001903D6 /* TodayNewsTableViewCell.swift in Sources */,
				F5C66F3C27FD5EE400FCF6DE /* SectionsTableViewCell.swift in Sources */,
				F5C3AA6127F2EFD5001903D6 /* TodayViewController.swift in Sources */,
				F5C771AB27FC19CC005B3C37 /* GeneralSettingsViewController.swift in Sources */,
				F5C771A527FC0EDB005B3C37 /* PushNotificationSettingsViewController.swift in Sources */,
				F5C771B027FC1CB0005B3C37 /* NewsDB.xcdatamodeld in Sources */,
				F58E6A8D2800089B00701BDB /* NormalSectionsViewController.swift in Sources */,
				F54BC47527F1A55D000DB490 /* SceneDelegate.swift in Sources */,
				F54A43F527F44CF7002B41DE /* CovidTableViewCell.swift in Sources */,
				F5C3AA6727F2EFF7001903D6 /* SectionsViewController.swift in Sources */,
				F5C771A727FC0F38005B3C37 /* DisplaySettingsViewController.swift in Sources */,
				F54A43F327F44513002B41DE /* CommonViewController.swift in Sources */,
				F5D5F1A727F3408400CD96C7 /* UserModel.swift in Sources */,
			);
			runOnlyForDeploymentPostprocessing = 0;
		};
/* End PBXSourcesBuildPhase section */

/* Begin PBXVariantGroup section */
		F54BC47827F1A55D000DB490 /* Main.storyboard */ = {
			isa = PBXVariantGroup;
			children = (
				F54BC47927F1A55D000DB490 /* Base */,
			);
			name = Main.storyboard;
			sourceTree = "<group>";
		};
		F54BC47D27F1A55E000DB490 /* LaunchScreen.storyboard */ = {
			isa = PBXVariantGroup;
			children = (
				F54BC47E27F1A55E000DB490 /* Base */,
			);
			name = LaunchScreen.storyboard;
			sourceTree = "<group>";
		};
/* End PBXVariantGroup section */

/* Begin XCBuildConfiguration section */
		F54BC48127F1A55E000DB490 /* Debug */ = {
			isa = XCBuildConfiguration;
			buildSettings = {
				ALWAYS_SEARCH_USER_PATHS = NO;
				CLANG_ANALYZER_NONNULL = YES;
				CLANG_ANALYZER_NUMBER_OBJECT_CONVERSION = YES_AGGRESSIVE;
				CLANG_CXX_LANGUAGE_STANDARD = "gnu++17";
				CLANG_CXX_LIBRARY = "libc++";
				CLANG_ENABLE_MODULES = YES;
				CLANG_ENABLE_OBJC_ARC = YES;
				CLANG_ENABLE_OBJC_WEAK = YES;
				CLANG_WARN_BLOCK_CAPTURE_AUTORELEASING = YES;
				CLANG_WARN_BOOL_CONVERSION = YES;
				CLANG_WARN_COMMA = YES;
				CLANG_WARN_CONSTANT_CONVERSION = YES;
				CLANG_WARN_DEPRECATED_OBJC_IMPLEMENTATIONS = YES;
				CLANG_WARN_DIRECT_OBJC_ISA_USAGE = YES_ERROR;
				CLANG_WARN_DOCUMENTATION_COMMENTS = YES;
				CLANG_WARN_EMPTY_BODY = YES;
				CLANG_WARN_ENUM_CONVERSION = YES;
				CLANG_WARN_INFINITE_RECURSION = YES;
				CLANG_WARN_INT_CONVERSION = YES;
				CLANG_WARN_NON_LITERAL_NULL_CONVERSION = YES;
				CLANG_WARN_OBJC_IMPLICIT_RETAIN_SELF = YES;
				CLANG_WARN_OBJC_LITERAL_CONVERSION = YES;
				CLANG_WARN_OBJC_ROOT_CLASS = YES_ERROR;
				CLANG_WARN_QUOTED_INCLUDE_IN_FRAMEWORK_HEADER = YES;
				CLANG_WARN_RANGE_LOOP_ANALYSIS = YES;
				CLANG_WARN_STRICT_PROTOTYPES = YES;
				CLANG_WARN_SUSPICIOUS_MOVE = YES;
				CLANG_WARN_UNGUARDED_AVAILABILITY = YES_AGGRESSIVE;
				CLANG_WARN_UNREACHABLE_CODE = YES;
				CLANG_WARN__DUPLICATE_METHOD_MATCH = YES;
				COPY_PHASE_STRIP = NO;
				DEBUG_INFORMATION_FORMAT = dwarf;
				ENABLE_STRICT_OBJC_MSGSEND = YES;
				ENABLE_TESTABILITY = YES;
				GCC_C_LANGUAGE_STANDARD = gnu11;
				GCC_DYNAMIC_NO_PIC = NO;
				GCC_NO_COMMON_BLOCKS = YES;
				GCC_OPTIMIZATION_LEVEL = 0;
				GCC_PREPROCESSOR_DEFINITIONS = (
					"DEBUG=1",
					"$(inherited)",
				);
				GCC_WARN_64_TO_32_BIT_CONVERSION = YES;
				GCC_WARN_ABOUT_RETURN_TYPE = YES_ERROR;
				GCC_WARN_UNDECLARED_SELECTOR = YES;
				GCC_WARN_UNINITIALIZED_AUTOS = YES_AGGRESSIVE;
				GCC_WARN_UNUSED_FUNCTION = YES;
				GCC_WARN_UNUSED_VARIABLE = YES;
				IPHONEOS_DEPLOYMENT_TARGET = 15.2;
				MTL_ENABLE_DEBUG_INFO = INCLUDE_SOURCE;
				MTL_FAST_MATH = YES;
				ONLY_ACTIVE_ARCH = YES;
				SDKROOT = iphoneos;
				SWIFT_ACTIVE_COMPILATION_CONDITIONS = DEBUG;
				SWIFT_OPTIMIZATION_LEVEL = "-Onone";
			};
			name = Debug;
		};
		F54BC48227F1A55E000DB490 /* Release */ = {
			isa = XCBuildConfiguration;
			buildSettings = {
				ALWAYS_SEARCH_USER_PATHS = NO;
				CLANG_ANALYZER_NONNULL = YES;
				CLANG_ANALYZER_NUMBER_OBJECT_CONVERSION = YES_AGGRESSIVE;
				CLANG_CXX_LANGUAGE_STANDARD = "gnu++17";
				CLANG_CXX_LIBRARY = "libc++";
				CLANG_ENABLE_MODULES = YES;
				CLANG_ENABLE_OBJC_ARC = YES;
				CLANG_ENABLE_OBJC_WEAK = YES;
				CLANG_WARN_BLOCK_CAPTURE_AUTORELEASING = YES;
				CLANG_WARN_BOOL_CONVERSION = YES;
				CLANG_WARN_COMMA = YES;
				CLANG_WARN_CONSTANT_CONVERSION = YES;
				CLANG_WARN_DEPRECATED_OBJC_IMPLEMENTATIONS = YES;
				CLANG_WARN_DIRECT_OBJC_ISA_USAGE = YES_ERROR;
				CLANG_WARN_DOCUMENTATION_COMMENTS = YES;
				CLANG_WARN_EMPTY_BODY = YES;
				CLANG_WARN_ENUM_CONVERSION = YES;
				CLANG_WARN_INFINITE_RECURSION = YES;
				CLANG_WARN_INT_CONVERSION = YES;
				CLANG_WARN_NON_LITERAL_NULL_CONVERSION = YES;
				CLANG_WARN_OBJC_IMPLICIT_RETAIN_SELF = YES;
				CLANG_WARN_OBJC_LITERAL_CONVERSION = YES;
				CLANG_WARN_OBJC_ROOT_CLASS = YES_ERROR;
				CLANG_WARN_QUOTED_INCLUDE_IN_FRAMEWORK_HEADER = YES;
				CLANG_WARN_RANGE_LOOP_ANALYSIS = YES;
				CLANG_WARN_STRICT_PROTOTYPES = YES;
				CLANG_WARN_SUSPICIOUS_MOVE = YES;
				CLANG_WARN_UNGUARDED_AVAILABILITY = YES_AGGRESSIVE;
				CLANG_WARN_UNREACHABLE_CODE = YES;
				CLANG_WARN__DUPLICATE_METHOD_MATCH = YES;
				COPY_PHASE_STRIP = NO;
				DEBUG_INFORMATION_FORMAT = "dwarf-with-dsym";
				ENABLE_NS_ASSERTIONS = NO;
				ENABLE_STRICT_OBJC_MSGSEND = YES;
				GCC_C_LANGUAGE_STANDARD = gnu11;
				GCC_NO_COMMON_BLOCKS = YES;
				GCC_WARN_64_TO_32_BIT_CONVERSION = YES;
				GCC_WARN_ABOUT_RETURN_TYPE = YES_ERROR;
				GCC_WARN_UNDECLARED_SELECTOR = YES;
				GCC_WARN_UNINITIALIZED_AUTOS = YES_AGGRESSIVE;
				GCC_WARN_UNUSED_FUNCTION = YES;
				GCC_WARN_UNUSED_VARIABLE = YES;
				IPHONEOS_DEPLOYMENT_TARGET = 15.2;
				MTL_ENABLE_DEBUG_INFO = NO;
				MTL_FAST_MATH = YES;
				SDKROOT = iphoneos;
				SWIFT_COMPILATION_MODE = wholemodule;
				SWIFT_OPTIMIZATION_LEVEL = "-O";
				VALIDATE_PRODUCT = YES;
			};
			name = Release;
		};
		F54BC48427F1A55E000DB490 /* Debug */ = {
			isa = XCBuildConfiguration;
			baseConfigurationReference = 4358298572D0B54587B257E9 /* Pods-NewsProject.debug.xcconfig */;
			buildSettings = {
				ASSETCATALOG_COMPILER_APPICON_NAME = AppIcon;
				ASSETCATALOG_COMPILER_GLOBAL_ACCENT_COLOR_NAME = AccentColor;
				CODE_SIGN_STYLE = Automatic;
				CURRENT_PROJECT_VERSION = 1;
				DEVELOPMENT_TEAM = 8D25AB624P;
				GENERATE_INFOPLIST_FILE = YES;
				INFOPLIST_FILE = NewsProject/Info.plist;
				INFOPLIST_KEY_UIApplicationSupportsIndirectInputEvents = YES;
				INFOPLIST_KEY_UILaunchStoryboardName = LaunchScreen;
				INFOPLIST_KEY_UIMainStoryboardFile = Main;
				INFOPLIST_KEY_UISupportedInterfaceOrientations_iPad = "UIInterfaceOrientationPortrait UIInterfaceOrientationPortraitUpsideDown UIInterfaceOrientationLandscapeLeft UIInterfaceOrientationLandscapeRight";
				INFOPLIST_KEY_UISupportedInterfaceOrientations_iPhone = "UIInterfaceOrientationPortrait UIInterfaceOrientationLandscapeLeft UIInterfaceOrientationLandscapeRight";
				LD_RUNPATH_SEARCH_PATHS = (
					"$(inherited)",
					"@executable_path/Frameworks",
				);
				MARKETING_VERSION = 1.0;
				PRODUCT_BUNDLE_IDENTIFIER = com.chris.NewsProject;
				PRODUCT_NAME = "$(TARGET_NAME)";
				SWIFT_EMIT_LOC_STRINGS = YES;
				SWIFT_VERSION = 5.0;
				TARGETED_DEVICE_FAMILY = "1,2";
			};
			name = Debug;
		};
		F54BC48527F1A55E000DB490 /* Release */ = {
			isa = XCBuildConfiguration;
			baseConfigurationReference = E6E3F9CB52D737A4580E83F7 /* Pods-NewsProject.release.xcconfig */;
			buildSettings = {
				ASSETCATALOG_COMPILER_APPICON_NAME = AppIcon;
				ASSETCATALOG_COMPILER_GLOBAL_ACCENT_COLOR_NAME = AccentColor;
				CODE_SIGN_STYLE = Automatic;
				CURRENT_PROJECT_VERSION = 1;
				DEVELOPMENT_TEAM = 8D25AB624P;
				GENERATE_INFOPLIST_FILE = YES;
				INFOPLIST_FILE = NewsProject/Info.plist;
				INFOPLIST_KEY_UIApplicationSupportsIndirectInputEvents = YES;
				INFOPLIST_KEY_UILaunchStoryboardName = LaunchScreen;
				INFOPLIST_KEY_UIMainStoryboardFile = Main;
				INFOPLIST_KEY_UISupportedInterfaceOrientations_iPad = "UIInterfaceOrientationPortrait UIInterfaceOrientationPortraitUpsideDown UIInterfaceOrientationLandscapeLeft UIInterfaceOrientationLandscapeRight";
				INFOPLIST_KEY_UISupportedInterfaceOrientations_iPhone = "UIInterfaceOrientationPortrait UIInterfaceOrientationLandscapeLeft UIInterfaceOrientationLandscapeRight";
				LD_RUNPATH_SEARCH_PATHS = (
					"$(inherited)",
					"@executable_path/Frameworks",
				);
				MARKETING_VERSION = 1.0;
				PRODUCT_BUNDLE_IDENTIFIER = com.chris.NewsProject;
				PRODUCT_NAME = "$(TARGET_NAME)";
				SWIFT_EMIT_LOC_STRINGS = YES;
				SWIFT_VERSION = 5.0;
				TARGETED_DEVICE_FAMILY = "1,2";
			};
			name = Release;
		};
/* End XCBuildConfiguration section */

/* Begin XCConfigurationList section */
		F54BC46A27F1A55D000DB490 /* Build configuration list for PBXProject "NewsProject" */ = {
			isa = XCConfigurationList;
			buildConfigurations = (
				F54BC48127F1A55E000DB490 /* Debug */,
				F54BC48227F1A55E000DB490 /* Release */,
			);
			defaultConfigurationIsVisible = 0;
			defaultConfigurationName = Release;
		};
		F54BC48327F1A55E000DB490 /* Build configuration list for PBXNativeTarget "NewsProject" */ = {
			isa = XCConfigurationList;
			buildConfigurations = (
				F54BC48427F1A55E000DB490 /* Debug */,
				F54BC48527F1A55E000DB490 /* Release */,
			);
			defaultConfigurationIsVisible = 0;
			defaultConfigurationName = Release;
		};
/* End XCConfigurationList section */

/* Begin XCVersionGroup section */
		F5C771AE27FC1CB0005B3C37 /* NewsDB.xcdatamodeld */ = {
			isa = XCVersionGroup;
			children = (
				F5C771AF27FC1CB0005B3C37 /* NewsDB.xcdatamodel */,
			);
			currentVersion = F5C771AF27FC1CB0005B3C37 /* NewsDB.xcdatamodel */;
			path = NewsDB.xcdatamodeld;
			sourceTree = "<group>";
			versionGroupType = wrapper.xcdatamodel;
		};
/* End XCVersionGroup section */
	};
	rootObject = F54BC46727F1A55D000DB490 /* Project object */;
}
